
Microsoft Visual Studio Solution File, Format Version 12.00
# Visual Studio 15
VisualStudioVersion = 15.0.26124.0
MinimumVisualStudioVersion = 15.0.26124.0
Project("{2150E333-8FDC-42A3-9474-1A3956D46DE8}") = "src", "src", "{C249E8C9-10B6-44D8-9BD9-854644BA59B1}"
EndProject
Project("{FAE04EC0-301F-11D3-BF4B-00C04F79EFBC}") = "web", "src\web\web.csproj", "{1616F3F6-ABB1-4B92-96C0-BB57FE08CB66}"
EndProject
Global
	GlobalSection(SolutionConfigurationPlatforms) = preSolution
		Debug|Any CPU = Debug|Any CPU
		Debug|x64 = Debug|x64
		Debug|x86 = Debug|x86
		Release|Any CPU = Release|Any CPU
		Release|x64 = Release|x64
		Release|x86 = Release|x86
	EndGlobalSection
	GlobalSection(SolutionProperties) = preSolution
		HideSolutionNode = FALSE
	EndGlobalSection
	GlobalSection(ProjectConfigurationPlatforms) = postSolution
		{1616F3F6-ABB1-4B92-96C0-BB57FE08CB66}.Debug|Any CPU.ActiveCfg = Debug|Any CPU
		{1616F3F6-ABB1-4B92-96C0-BB57FE08CB66}.Debug|Any CPU.Build.0 = Debug|Any CPU
		{1616F3F6-ABB1-4B92-96C0-BB57FE08CB66}.Debug|x64.ActiveCfg = Debug|Any CPU
		{1616F3F6-ABB1-4B92-96C0-BB57FE08CB66}.Debug|x64.Build.0 = Debug|Any CPU
		{1616F3F6-ABB1-4B92-96C0-BB57FE08CB66}.Debug|x86.ActiveCfg = Debug|Any CPU
		{1616F3F6-ABB1-4B92-96C0-BB57FE08CB66}.Debug|x86.Build.0 = Debug|Any CPU
		{1616F3F6-ABB1-4B92-96C0-BB57FE08CB66}.Release|Any CPU.ActiveCfg = Release|Any CPU
		{1616F3F6-ABB1-4B92-96C0-BB57FE08CB66}.Release|Any CPU.Build.0 = Release|Any CPU
		{1616F3F6-ABB1-4B92-96C0-BB57FE08CB66}.Release|x64.ActiveCfg = Release|Any CPU
		{1616F3F6-ABB1-4B92-96C0-BB57FE08CB66}.Release|x64.Build.0 = Release|Any CPU
		{1616F3F6-ABB1-4B92-96C0-BB57FE08CB66}.Release|x86.ActiveCfg = Release|Any CPU
		{1616F3F6-ABB1-4B92-96C0-BB57FE08CB66}.Release|x86.Build.0 = Release|Any CPU
	EndGlobalSection
	GlobalSection(NestedProjects) = preSolution
		{1616F3F6-ABB1-4B92-96C0-BB57FE08CB66} = {C249E8C9-10B6-44D8-9BD9-854644BA59B1}
	EndGlobalSection
EndGlobal
