
Microsoft Visual Studio Solution File, Format Version 12.00
# Visual Studio Version 16
VisualStudioVersion = 16.0.29424.173
MinimumVisualStudioVersion = 15.0.26124.0
Project("{2150E333-8FDC-42A3-9474-1A3956D46DE8}") = "src", "src", "{C249E8C9-10B6-44D8-9BD9-854644BA59B1}"
EndProject
Project("{9A19103F-16F7-4668-BE54-9A1E7A4F7556}") = "domain", "src\domain\domain.csproj", "{8E3AFF34-EDA4-4883-B67F-379745D113FB}"
EndProject
Project("{9A19103F-16F7-4668-BE54-9A1E7A4F7556}") = "infrastructure", "src\infrastructure\infrastructure.csproj", "{6BD28DC0-4A82-4813-9B92-96E1F68B0996}"
EndProject
Project("{9A19103F-16F7-4668-BE54-9A1E7A4F7556}") = "application", "src\application\application.csproj", "{9C372BAF-C932-42FF-A38D-25402AA6B192}"
EndProject
Project("{9A19103F-16F7-4668-BE54-9A1E7A4F7556}") = "test", "src\test\test.csproj", "{0B2DB437-7199-4714-A2ED-503B959C6C4B}"
EndProject
Project("{9A19103F-16F7-4668-BE54-9A1E7A4F7556}") = "webAdmin", "src\webAdmin\webAdmin.csproj", "{73196BC0-CDA8-4D9F-978A-32CBC86981E6}"
EndProject
Global
	GlobalSection(SolutionConfigurationPlatforms) = preSolution
		Debug|Any CPU = Debug|Any CPU
		Debug|x64 = Debug|x64
		Debug|x86 = Debug|x86
		Release|Any CPU = Release|Any CPU
		Release|x64 = Release|x64
		Release|x86 = Release|x86
	EndGlobalSection
	GlobalSection(ProjectConfigurationPlatforms) = postSolution
		{8E3AFF34-EDA4-4883-B67F-379745D113FB}.Debug|Any CPU.ActiveCfg = Debug|Any CPU
		{8E3AFF34-EDA4-4883-B67F-379745D113FB}.Debug|Any CPU.Build.0 = Debug|Any CPU
		{8E3AFF34-EDA4-4883-B67F-379745D113FB}.Debug|x64.ActiveCfg = Debug|Any CPU
		{8E3AFF34-EDA4-4883-B67F-379745D113FB}.Debug|x64.Build.0 = Debug|Any CPU
		{8E3AFF34-EDA4-4883-B67F-379745D113FB}.Debug|x86.ActiveCfg = Debug|Any CPU
		{8E3AFF34-EDA4-4883-B67F-379745D113FB}.Debug|x86.Build.0 = Debug|Any CPU
		{8E3AFF34-EDA4-4883-B67F-379745D113FB}.Release|Any CPU.ActiveCfg = Release|Any CPU
		{8E3AFF34-EDA4-4883-B67F-379745D113FB}.Release|Any CPU.Build.0 = Release|Any CPU
		{8E3AFF34-EDA4-4883-B67F-379745D113FB}.Release|x64.ActiveCfg = Release|Any CPU
		{8E3AFF34-EDA4-4883-B67F-379745D113FB}.Release|x64.Build.0 = Release|Any CPU
		{8E3AFF34-EDA4-4883-B67F-379745D113FB}.Release|x86.ActiveCfg = Release|Any CPU
		{8E3AFF34-EDA4-4883-B67F-379745D113FB}.Release|x86.Build.0 = Release|Any CPU
		{6BD28DC0-4A82-4813-9B92-96E1F68B0996}.Debug|Any CPU.ActiveCfg = Debug|Any CPU
		{6BD28DC0-4A82-4813-9B92-96E1F68B0996}.Debug|Any CPU.Build.0 = Debug|Any CPU
		{6BD28DC0-4A82-4813-9B92-96E1F68B0996}.Debug|x64.ActiveCfg = Debug|Any CPU
		{6BD28DC0-4A82-4813-9B92-96E1F68B0996}.Debug|x64.Build.0 = Debug|Any CPU
		{6BD28DC0-4A82-4813-9B92-96E1F68B0996}.Debug|x86.ActiveCfg = Debug|Any CPU
		{6BD28DC0-4A82-4813-9B92-96E1F68B0996}.Debug|x86.Build.0 = Debug|Any CPU
		{6BD28DC0-4A82-4813-9B92-96E1F68B0996}.Release|Any CPU.ActiveCfg = Release|Any CPU
		{6BD28DC0-4A82-4813-9B92-96E1F68B0996}.Release|Any CPU.Build.0 = Release|Any CPU
		{6BD28DC0-4A82-4813-9B92-96E1F68B0996}.Release|x64.ActiveCfg = Release|Any CPU
		{6BD28DC0-4A82-4813-9B92-96E1F68B0996}.Release|x64.Build.0 = Release|Any CPU
		{6BD28DC0-4A82-4813-9B92-96E1F68B0996}.Release|x86.ActiveCfg = Release|Any CPU
		{6BD28DC0-4A82-4813-9B92-96E1F68B0996}.Release|x86.Build.0 = Release|Any CPU
		{9C372BAF-C932-42FF-A38D-25402AA6B192}.Debug|Any CPU.ActiveCfg = Debug|Any CPU
		{9C372BAF-C932-42FF-A38D-25402AA6B192}.Debug|Any CPU.Build.0 = Debug|Any CPU
		{9C372BAF-C932-42FF-A38D-25402AA6B192}.Debug|x64.ActiveCfg = Debug|Any CPU
		{9C372BAF-C932-42FF-A38D-25402AA6B192}.Debug|x64.Build.0 = Debug|Any CPU
		{9C372BAF-C932-42FF-A38D-25402AA6B192}.Debug|x86.ActiveCfg = Debug|Any CPU
		{9C372BAF-C932-42FF-A38D-25402AA6B192}.Debug|x86.Build.0 = Debug|Any CPU
		{9C372BAF-C932-42FF-A38D-25402AA6B192}.Release|Any CPU.ActiveCfg = Release|Any CPU
		{9C372BAF-C932-42FF-A38D-25402AA6B192}.Release|Any CPU.Build.0 = Release|Any CPU
		{9C372BAF-C932-42FF-A38D-25402AA6B192}.Release|x64.ActiveCfg = Release|Any CPU
		{9C372BAF-C932-42FF-A38D-25402AA6B192}.Release|x64.Build.0 = Release|Any CPU
		{9C372BAF-C932-42FF-A38D-25402AA6B192}.Release|x86.ActiveCfg = Release|Any CPU
		{9C372BAF-C932-42FF-A38D-25402AA6B192}.Release|x86.Build.0 = Release|Any CPU
		{0B2DB437-7199-4714-A2ED-503B959C6C4B}.Debug|Any CPU.ActiveCfg = Debug|Any CPU
		{0B2DB437-7199-4714-A2ED-503B959C6C4B}.Debug|Any CPU.Build.0 = Debug|Any CPU
		{0B2DB437-7199-4714-A2ED-503B959C6C4B}.Debug|x64.ActiveCfg = Debug|Any CPU
		{0B2DB437-7199-4714-A2ED-503B959C6C4B}.Debug|x64.Build.0 = Debug|Any CPU
		{0B2DB437-7199-4714-A2ED-503B959C6C4B}.Debug|x86.ActiveCfg = Debug|Any CPU
		{0B2DB437-7199-4714-A2ED-503B959C6C4B}.Debug|x86.Build.0 = Debug|Any CPU
		{0B2DB437-7199-4714-A2ED-503B959C6C4B}.Release|Any CPU.ActiveCfg = Release|Any CPU
		{0B2DB437-7199-4714-A2ED-503B959C6C4B}.Release|Any CPU.Build.0 = Release|Any CPU
		{0B2DB437-7199-4714-A2ED-503B959C6C4B}.Release|x64.ActiveCfg = Release|Any CPU
		{0B2DB437-7199-4714-A2ED-503B959C6C4B}.Release|x64.Build.0 = Release|Any CPU
		{0B2DB437-7199-4714-A2ED-503B959C6C4B}.Release|x86.ActiveCfg = Release|Any CPU
		{0B2DB437-7199-4714-A2ED-503B959C6C4B}.Release|x86.Build.0 = Release|Any CPU
		{73196BC0-CDA8-4D9F-978A-32CBC86981E6}.Debug|Any CPU.ActiveCfg = Debug|Any CPU
		{73196BC0-CDA8-4D9F-978A-32CBC86981E6}.Debug|Any CPU.Build.0 = Debug|Any CPU
		{73196BC0-CDA8-4D9F-978A-32CBC86981E6}.Debug|x64.ActiveCfg = Debug|Any CPU
		{73196BC0-CDA8-4D9F-978A-32CBC86981E6}.Debug|x64.Build.0 = Debug|Any CPU
		{73196BC0-CDA8-4D9F-978A-32CBC86981E6}.Debug|x86.ActiveCfg = Debug|Any CPU
		{73196BC0-CDA8-4D9F-978A-32CBC86981E6}.Debug|x86.Build.0 = Debug|Any CPU
		{73196BC0-CDA8-4D9F-978A-32CBC86981E6}.Release|Any CPU.ActiveCfg = Release|Any CPU
		{73196BC0-CDA8-4D9F-978A-32CBC86981E6}.Release|Any CPU.Build.0 = Release|Any CPU
		{73196BC0-CDA8-4D9F-978A-32CBC86981E6}.Release|x64.ActiveCfg = Release|Any CPU
		{73196BC0-CDA8-4D9F-978A-32CBC86981E6}.Release|x64.Build.0 = Release|Any CPU
		{73196BC0-CDA8-4D9F-978A-32CBC86981E6}.Release|x86.ActiveCfg = Release|Any CPU
		{73196BC0-CDA8-4D9F-978A-32CBC86981E6}.Release|x86.Build.0 = Release|Any CPU
	EndGlobalSection
	GlobalSection(SolutionProperties) = preSolution
		HideSolutionNode = FALSE
	EndGlobalSection
	GlobalSection(NestedProjects) = preSolution
		{8E3AFF34-EDA4-4883-B67F-379745D113FB} = {C249E8C9-10B6-44D8-9BD9-854644BA59B1}
		{6BD28DC0-4A82-4813-9B92-96E1F68B0996} = {C249E8C9-10B6-44D8-9BD9-854644BA59B1}
		{9C372BAF-C932-42FF-A38D-25402AA6B192} = {C249E8C9-10B6-44D8-9BD9-854644BA59B1}
		{0B2DB437-7199-4714-A2ED-503B959C6C4B} = {C249E8C9-10B6-44D8-9BD9-854644BA59B1}
		{73196BC0-CDA8-4D9F-978A-32CBC86981E6} = {C249E8C9-10B6-44D8-9BD9-854644BA59B1}
	EndGlobalSection
	GlobalSection(ExtensibilityGlobals) = postSolution
		SolutionGuid = {95799955-2282-4CEB-B89C-D14C7257FA19}
	EndGlobalSection
EndGlobal
